
Microsoft Visual Studio Solution File, Format Version 12.00
# Visual Studio Version 16
VisualStudioVersion = 16.0.30907.101
MinimumVisualStudioVersion = 10.0.40219.1
Project("{FAE04EC0-301F-11D3-BF4B-00C04F79EFBC}") = "Sina_Damaris_Proiect", "Sina_Damaris_Proiect\Sina_Damaris_Proiect.csproj", "{76873A01-D260-4FC9-A2AB-DB105FE91763}"
EndProject
Global
	GlobalSection(SolutionConfigurationPlatforms) = preSolution
		Debug|Any CPU = Debug|Any CPU
		Release|Any CPU = Release|Any CPU
	EndGlobalSection
	GlobalSection(ProjectConfigurationPlatforms) = postSolution
		{76873A01-D260-4FC9-A2AB-DB105FE91763}.Debug|Any CPU.ActiveCfg = Debug|Any CPU
		{76873A01-D260-4FC9-A2AB-DB105FE91763}.Debug|Any CPU.Build.0 = Debug|Any CPU
		{76873A01-D260-4FC9-A2AB-DB105FE91763}.Release|Any CPU.ActiveCfg = Release|Any CPU
		{76873A01-D260-4FC9-A2AB-DB105FE91763}.Release|Any CPU.Build.0 = Release|Any CPU
	EndGlobalSection
	GlobalSection(SolutionProperties) = preSolution
		HideSolutionNode = FALSE
	EndGlobalSection
	GlobalSection(ExtensibilityGlobals) = postSolution
		SolutionGuid = {59852893-2F3A-482D-AB1D-275551D18CEC}
	EndGlobalSection
EndGlobal
